{
  "version": 4,
  "terraform_version": "1.11.3",
  "serial": 1,
  "lineage": "79b7152e-1696-962a-1338-4757abc1d5aa",
  "outputs": {},
  "resources": [
    {
      "mode": "managed",
      "type": "aws_key_pair",
      "name": "deployer",
      "provider": "provider[\"registry.terraform.io/hashicorp/aws\"]",
      "instances": [
        {
          "schema_version": 1,
          "attributes": {
            "arn": "arn:aws:ec2:us-east-1:577638383078:key-pair/virginia-key",
            "fingerprint": "cc:89:92:64:67:16:60:c0:bd:42:0a:ac:f3:14:a4:a8",
            "id": "virginia-key",
            "key_name": "virginia-key",
            "key_name_prefix": "",
            "key_pair_id": "key-04d2c02af1ea2845b",
            "key_type": "rsa",
            "public_key": "ssh-rsa AAAAB3NzaC1yc2EAAAADAQABAAABgQC7wPLosaFTjmh6+64YiieGcoi+0unzr2k3oVIQrUWZqRx0RZV3oOIq0AUqAFtvI2BTzBAI77u070oGtT0m3o/r2E7i+UcYPKN/jCNZOZ+EhqInOkk2+UwxtjTaKIf8JfOwko26JYJGTWdcXuF1dSHAtGjIjMKsQ/qt0yOAopuhXgpSVB06pwArAmeIGuEKibFEyVZmEO7/uGGNkJj5mN9aiRgxCurQNscgTjHXL4Rjn1jB4dB88JfK3vKFtEPi64pM6xSHwIzL88cVKbu1f4K+lNjkXxOmksmZcHDrDwibuSHhOwjKe8Npbq+ncsns1WILsl2KboDzpLSCEyhKQGvu1ncZJJU42Dokz+UgRKN3gnoMGJ6GmJT7NfJcvg6hvwFqXmJC2ga/DbHmWu81Qm3BHcHubyM3/Oz9OS+xDcIduz2GTuXif1rILz/codF1zz4y4sitYdKwZ65Ly27UyCm2bPKYxFEmetYvLvfBkG7YlhuSMWDKfM6amI9FJUILjyE= ec2-user@bastion",
            "tags": null,
            "tags_all": {}
          },
          "sensitive_attributes": [],
          "private": "eyJzY2hlbWFfdmVyc2lvbiI6IjEifQ=="
        }
      ]
    }
  ],
  "check_results": null
}


